
Microsoft Visual Studio Solution File, Format Version 12.00
# Visual Studio 15
VisualStudioVersion = 15.0.28010.2048
MinimumVisualStudioVersion = 10.0.40219.1
Project("{FAE04EC0-301F-11D3-BF4B-00C04F79EFBC}") = "AdvenOfCodeCore", "AdvenOfCodeCore\AdvenOfCodeCore.csproj", "{74BEDE5D-EA16-4518-BBD6-730265C0C765}"
EndProject
Project("{FAE04EC0-301F-11D3-BF4B-00C04F79EFBC}") = "Logic", "Logic\Logic.csproj", "{B914AF1F-8ACA-4356-B24D-BEF5BD5EC25B}"
EndProject
Project("{FAE04EC0-301F-11D3-BF4B-00C04F79EFBC}") = "XUnitTest", "XUnitTest\XUnitTest.csproj", "{2EDDF8E7-8CB1-46E2-99EC-A4B7AE11FDA8}"
EndProject
Global
	GlobalSection(SolutionConfigurationPlatforms) = preSolution
		Debug|Any CPU = Debug|Any CPU
		Release|Any CPU = Release|Any CPU
	EndGlobalSection
	GlobalSection(ProjectConfigurationPlatforms) = postSolution
		{74BEDE5D-EA16-4518-BBD6-730265C0C765}.Debug|Any CPU.ActiveCfg = Debug|Any CPU
		{74BEDE5D-EA16-4518-BBD6-730265C0C765}.Debug|Any CPU.Build.0 = Debug|Any CPU
		{74BEDE5D-EA16-4518-BBD6-730265C0C765}.Release|Any CPU.ActiveCfg = Release|Any CPU
		{74BEDE5D-EA16-4518-BBD6-730265C0C765}.Release|Any CPU.Build.0 = Release|Any CPU
		{B914AF1F-8ACA-4356-B24D-BEF5BD5EC25B}.Debug|Any CPU.ActiveCfg = Debug|Any CPU
		{B914AF1F-8ACA-4356-B24D-BEF5BD5EC25B}.Debug|Any CPU.Build.0 = Debug|Any CPU
		{B914AF1F-8ACA-4356-B24D-BEF5BD5EC25B}.Release|Any CPU.ActiveCfg = Release|Any CPU
		{B914AF1F-8ACA-4356-B24D-BEF5BD5EC25B}.Release|Any CPU.Build.0 = Release|Any CPU
		{2EDDF8E7-8CB1-46E2-99EC-A4B7AE11FDA8}.Debug|Any CPU.ActiveCfg = Debug|Any CPU
		{2EDDF8E7-8CB1-46E2-99EC-A4B7AE11FDA8}.Debug|Any CPU.Build.0 = Debug|Any CPU
		{2EDDF8E7-8CB1-46E2-99EC-A4B7AE11FDA8}.Release|Any CPU.ActiveCfg = Release|Any CPU
		{2EDDF8E7-8CB1-46E2-99EC-A4B7AE11FDA8}.Release|Any CPU.Build.0 = Release|Any CPU
	EndGlobalSection
	GlobalSection(SolutionProperties) = preSolution
		HideSolutionNode = FALSE
	EndGlobalSection
	GlobalSection(ExtensibilityGlobals) = postSolution
		SolutionGuid = {F6712F30-EBFF-488C-853E-C93073D54E0F}
	EndGlobalSection
EndGlobal
